
Microsoft Visual Studio Solution File, Format Version 11.00
# Visual Studio 2010
Project("{FAE04EC0-301F-11D3-BF4B-00C04F79EFBC}") = "Cartonando", "Assembly-CSharp.csproj", "{7AE4A7DD-4F6F-0CCA-E86C-5C02498EEDD0}"
EndProject
Global
	GlobalSection(SolutionConfigurationPlatforms) = preSolution
		Debug|Any CPU = Debug|Any CPU
		Release|Any CPU = Release|Any CPU
	EndGlobalSection
	GlobalSection(ProjectConfigurationPlatforms) = postSolution
		{7AE4A7DD-4F6F-0CCA-E86C-5C02498EEDD0}.Debug|Any CPU.ActiveCfg = Debug|Any CPU
		{7AE4A7DD-4F6F-0CCA-E86C-5C02498EEDD0}.Debug|Any CPU.Build.0 = Debug|Any CPU
		{7AE4A7DD-4F6F-0CCA-E86C-5C02498EEDD0}.Release|Any CPU.ActiveCfg = Release|Any CPU
		{7AE4A7DD-4F6F-0CCA-E86C-5C02498EEDD0}.Release|Any CPU.Build.0 = Release|Any CPU
	EndGlobalSection
	GlobalSection(SolutionProperties) = preSolution
		HideSolutionNode = FALSE
	EndGlobalSection
	GlobalSection(MonoDevelopProperties) = preSolution
		StartupItem = Assembly-CSharp.csproj
	EndGlobalSection
EndGlobal
